schema: '2.0'
stages:
  preparation:
    cmd: python src/prepare.py
    deps:
    - path: data/raw/Online Retail.xlsx
      hash: md5
      md5: 8f8e6d94ba88f976f4d8290cb2dea7fd
      size: 23715344
    - path: src/prepare.py
      hash: md5
      md5: 3d02de78b9cc76fadbc50f4157e8c95c
      size: 1818
    outs:
    - path: data/prepared/test.csv
      hash: md5
      md5: 18daa17175f32cd5d102becfdaec2739
      size: 1331821
    - path: data/prepared/train.csv
      hash: md5
      md5: 3402dc98b2cb96074c6ae3f94dfa594d
      size: 5327100
    - path: plots/data_distribution.png
      hash: md5
      md5: 5f7e77abafcd558f4a1ca3c369cde4dd
      size: 36715
  train:
    cmd: python src/train.py
    deps:
    - path: data/prepared/train.csv
      hash: md5
      md5: 3402dc98b2cb96074c6ae3f94dfa594d
      size: 5327100
    - path: src/train.py
      hash: md5
      md5: 6365af61fe70e597c65f0a0f71c61476
      size: 384
    outs:
    - path: models/model.pkl
      hash: md5
      md5: 776888b496dffb04dbd1da0f4b7ae8a3
      size: 1302947
  evaluate:
    cmd: python src/evaluate.py
    deps:
    - path: data/prepared/test.csv
      hash: md5
      md5: 18daa17175f32cd5d102becfdaec2739
      size: 1331821
    - path: models/model.pkl
      hash: md5
      md5: 776888b496dffb04dbd1da0f4b7ae8a3
      size: 1302947
    - path: src/evaluate.py
      hash: md5
      md5: 060bf3d96ed6a54997ff4c6905c76647
      size: 531
    outs:
    - path: metrics.json
      hash: md5
      md5: 4df29dbbb0f377bd03348276daecf864
      size: 48
  preprocessing:
    cmd: python src/data_preprocessing.py
    deps:
    - path: data/raw/Online Retail.xlsx
      hash: md5
      md5: 8f8e6d94ba88f976f4d8290cb2dea7fd
      size: 23715344
    - path: src/data_preprocessing.py
      hash: md5
      md5: 9a09798916251252c8883063d56ff019
      size: 580
    outs:
    - path: data/prepared/train.csv
      hash: md5
      md5: 41970c17679f272ae172b764c71b3f0d
      size: 3404247
  training:
    cmd: python src/model_training.py
    deps:
    - path: data/prepared/train.csv
      hash: md5
      md5: 41970c17679f272ae172b764c71b3f0d
      size: 3404247
    - path: src/model_training.py
      hash: md5
      md5: ca2d9bfa3ea769f4a80cd5cd625935ff
      size: 2037
    outs:
    - path: models/model.pkl
      hash: md5
      md5: 37398b50ec5f19fd6c35880ea752379e
      size: 11121
  evaluation:
    cmd: python src/model_evaluation.py
    deps:
    - path: data/prepared/train.csv
      hash: md5
      md5: 41970c17679f272ae172b764c71b3f0d
      size: 3404247
    - path: models/model.pkl
      hash: md5
      md5: 37398b50ec5f19fd6c35880ea752379e
      size: 11121
    - path: src/model_evaluation.py
      hash: md5
      md5: 5dbb277fecf5451f5dccdded5aa76e42
      size: 1245
    outs:
    - path: metrics.json
      hash: md5
      md5: 744be1b6159e890ca9579e2cdad35bb1
      size: 27
    - path: plots/prediction.png
      hash: md5
      md5: 53e5181e043a194b0789b4dcb1a9e08e
      size: 15435
